
Microsoft Visual Studio Solution File, Format Version 12.00
# Visual Studio 2013
VisualStudioVersion = 12.0.31101.0
MinimumVisualStudioVersion = 10.0.40219.1
Project("{FAE04EC0-301F-11D3-BF4B-00C04F79EFBC}") = "QiMata.BluetoothSmartDemo", "QiMata.BluetoothSmartDemo\QiMata.BluetoothSmartDemo\QiMata.BluetoothSmartDemo.csproj", "{F323F57B-BED1-4F0C-BE72-86403EDA6C54}"
EndProject
Project("{FAE04EC0-301F-11D3-BF4B-00C04F79EFBC}") = "QiMata.BluetoothSmartDemo.iOS", "QiMata.BluetoothSmartDemo\QiMata.BluetoothSmartDemo.iOS\QiMata.BluetoothSmartDemo.iOS.csproj", "{E0FB9E9A-B8C0-4F93-BDB9-AF7E6EE4E856}"
EndProject
Project("{FAE04EC0-301F-11D3-BF4B-00C04F79EFBC}") = "QiMata.BluetoothSmartDemo.Droid", "QiMata.BluetoothSmartDemo\QiMata.BluetoothSmartDemo.Droid\QiMata.BluetoothSmartDemo.Droid.csproj", "{1BAE2BF5-33B9-40CF-B5B5-820BB090C910}"
EndProject
Project("{FAE04EC0-301F-11D3-BF4B-00C04F79EFBC}") = "QiMata.BluetoothSmartDemo.WinPhone", "QiMata.BluetoothSmartDemo\QiMata.BluetoothSmartDemo.WinPhone\QiMata.BluetoothSmartDemo.WinPhone.csproj", "{D74D7EA8-827B-40A7-AB00-CB3FAA8E7034}"
EndProject
Project("{FAE04EC0-301F-11D3-BF4B-00C04F79EFBC}") = "QiMata.BluetoothSmartDemo.Bluetooth", "QiMata.BluetoothSmartDemo.Bluetooth\QiMata.BluetoothSmartDemo.Bluetooth.csproj", "{4DC6C788-05B1-4017-8366-135A2623E0E1}"
EndProject
Project("{2150E333-8FDC-42A3-9474-1A3956D46DE8}") = "Mobile", "Mobile", "{2F967F3F-42B0-491C-8D4E-557B2195194F}"
EndProject
Project("{2150E333-8FDC-42A3-9474-1A3956D46DE8}") = "Common", "Common", "{FC915300-3D70-4FC6-B4FD-D59ACD2821A0}"
EndProject
Global
	GlobalSection(SolutionConfigurationPlatforms) = preSolution
		Ad-Hoc|Any CPU = Ad-Hoc|Any CPU
		Ad-Hoc|ARM = Ad-Hoc|ARM
		Ad-Hoc|iPhone = Ad-Hoc|iPhone
		Ad-Hoc|iPhoneSimulator = Ad-Hoc|iPhoneSimulator
		Ad-Hoc|Mixed Platforms = Ad-Hoc|Mixed Platforms
		Ad-Hoc|x86 = Ad-Hoc|x86
		AppStore|Any CPU = AppStore|Any CPU
		AppStore|ARM = AppStore|ARM
		AppStore|iPhone = AppStore|iPhone
		AppStore|iPhoneSimulator = AppStore|iPhoneSimulator
		AppStore|Mixed Platforms = AppStore|Mixed Platforms
		AppStore|x86 = AppStore|x86
		Debug|Any CPU = Debug|Any CPU
		Debug|ARM = Debug|ARM
		Debug|iPhone = Debug|iPhone
		Debug|iPhoneSimulator = Debug|iPhoneSimulator
		Debug|Mixed Platforms = Debug|Mixed Platforms
		Debug|x86 = Debug|x86
		Release|Any CPU = Release|Any CPU
		Release|ARM = Release|ARM
		Release|iPhone = Release|iPhone
		Release|iPhoneSimulator = Release|iPhoneSimulator
		Release|Mixed Platforms = Release|Mixed Platforms
		Release|x86 = Release|x86
	EndGlobalSection
	GlobalSection(ProjectConfigurationPlatforms) = postSolution
		{F323F57B-BED1-4F0C-BE72-86403EDA6C54}.Ad-Hoc|Any CPU.ActiveCfg = Release|Any CPU
		{F323F57B-BED1-4F0C-BE72-86403EDA6C54}.Ad-Hoc|Any CPU.Build.0 = Release|Any CPU
		{F323F57B-BED1-4F0C-BE72-86403EDA6C54}.Ad-Hoc|ARM.ActiveCfg = Release|Any CPU
		{F323F57B-BED1-4F0C-BE72-86403EDA6C54}.Ad-Hoc|iPhone.ActiveCfg = Release|Any CPU
		{F323F57B-BED1-4F0C-BE72-86403EDA6C54}.Ad-Hoc|iPhoneSimulator.ActiveCfg = Release|Any CPU
		{F323F57B-BED1-4F0C-BE72-86403EDA6C54}.Ad-Hoc|Mixed Platforms.ActiveCfg = Release|Any CPU
		{F323F57B-BED1-4F0C-BE72-86403EDA6C54}.Ad-Hoc|Mixed Platforms.Build.0 = Release|Any CPU
		{F323F57B-BED1-4F0C-BE72-86403EDA6C54}.Ad-Hoc|x86.ActiveCfg = Release|Any CPU
		{F323F57B-BED1-4F0C-BE72-86403EDA6C54}.AppStore|Any CPU.ActiveCfg = Release|Any CPU
		{F323F57B-BED1-4F0C-BE72-86403EDA6C54}.AppStore|Any CPU.Build.0 = Release|Any CPU
		{F323F57B-BED1-4F0C-BE72-86403EDA6C54}.AppStore|ARM.ActiveCfg = Release|Any CPU
		{F323F57B-BED1-4F0C-BE72-86403EDA6C54}.AppStore|iPhone.ActiveCfg = Release|Any CPU
		{F323F57B-BED1-4F0C-BE72-86403EDA6C54}.AppStore|iPhoneSimulator.ActiveCfg = Release|Any CPU
		{F323F57B-BED1-4F0C-BE72-86403EDA6C54}.AppStore|Mixed Platforms.ActiveCfg = Release|Any CPU
		{F323F57B-BED1-4F0C-BE72-86403EDA6C54}.AppStore|Mixed Platforms.Build.0 = Release|Any CPU
		{F323F57B-BED1-4F0C-BE72-86403EDA6C54}.AppStore|x86.ActiveCfg = Release|Any CPU
		{F323F57B-BED1-4F0C-BE72-86403EDA6C54}.Debug|Any CPU.ActiveCfg = Debug|Any CPU
		{F323F57B-BED1-4F0C-BE72-86403EDA6C54}.Debug|Any CPU.Build.0 = Debug|Any CPU
		{F323F57B-BED1-4F0C-BE72-86403EDA6C54}.Debug|ARM.ActiveCfg = Debug|Any CPU
		{F323F57B-BED1-4F0C-BE72-86403EDA6C54}.Debug|ARM.Build.0 = Debug|Any CPU
		{F323F57B-BED1-4F0C-BE72-86403EDA6C54}.Debug|iPhone.ActiveCfg = Debug|Any CPU
		{F323F57B-BED1-4F0C-BE72-86403EDA6C54}.Debug|iPhone.Build.0 = Debug|Any CPU
		{F323F57B-BED1-4F0C-BE72-86403EDA6C54}.Debug|iPhoneSimulator.ActiveCfg = Debug|Any CPU
		{F323F57B-BED1-4F0C-BE72-86403EDA6C54}.Debug|iPhoneSimulator.Build.0 = Debug|Any CPU
		{F323F57B-BED1-4F0C-BE72-86403EDA6C54}.Debug|Mixed Platforms.ActiveCfg = Debug|Any CPU
		{F323F57B-BED1-4F0C-BE72-86403EDA6C54}.Debug|Mixed Platforms.Build.0 = Debug|Any CPU
		{F323F57B-BED1-4F0C-BE72-86403EDA6C54}.Debug|x86.ActiveCfg = Debug|Any CPU
		{F323F57B-BED1-4F0C-BE72-86403EDA6C54}.Release|Any CPU.ActiveCfg = Release|Any CPU
		{F323F57B-BED1-4F0C-BE72-86403EDA6C54}.Release|Any CPU.Build.0 = Release|Any CPU
		{F323F57B-BED1-4F0C-BE72-86403EDA6C54}.Release|ARM.ActiveCfg = Release|Any CPU
		{F323F57B-BED1-4F0C-BE72-86403EDA6C54}.Release|iPhone.ActiveCfg = Release|Any CPU
		{F323F57B-BED1-4F0C-BE72-86403EDA6C54}.Release|iPhoneSimulator.ActiveCfg = Release|Any CPU
		{F323F57B-BED1-4F0C-BE72-86403EDA6C54}.Release|Mixed Platforms.ActiveCfg = Release|Any CPU
		{F323F57B-BED1-4F0C-BE72-86403EDA6C54}.Release|Mixed Platforms.Build.0 = Release|Any CPU
		{F323F57B-BED1-4F0C-BE72-86403EDA6C54}.Release|x86.ActiveCfg = Release|Any CPU
		{E0FB9E9A-B8C0-4F93-BDB9-AF7E6EE4E856}.Ad-Hoc|Any CPU.ActiveCfg = Ad-Hoc|iPhone
		{E0FB9E9A-B8C0-4F93-BDB9-AF7E6EE4E856}.Ad-Hoc|ARM.ActiveCfg = Ad-Hoc|iPhone
		{E0FB9E9A-B8C0-4F93-BDB9-AF7E6EE4E856}.Ad-Hoc|iPhone.ActiveCfg = Ad-Hoc|iPhone
		{E0FB9E9A-B8C0-4F93-BDB9-AF7E6EE4E856}.Ad-Hoc|iPhone.Build.0 = Ad-Hoc|iPhone
		{E0FB9E9A-B8C0-4F93-BDB9-AF7E6EE4E856}.Ad-Hoc|iPhoneSimulator.ActiveCfg = Ad-Hoc|iPhoneSimulator
		{E0FB9E9A-B8C0-4F93-BDB9-AF7E6EE4E856}.Ad-Hoc|iPhoneSimulator.Build.0 = Ad-Hoc|iPhoneSimulator
		{E0FB9E9A-B8C0-4F93-BDB9-AF7E6EE4E856}.Ad-Hoc|Mixed Platforms.ActiveCfg = Ad-Hoc|iPhone
		{E0FB9E9A-B8C0-4F93-BDB9-AF7E6EE4E856}.Ad-Hoc|Mixed Platforms.Build.0 = Ad-Hoc|iPhone
		{E0FB9E9A-B8C0-4F93-BDB9-AF7E6EE4E856}.Ad-Hoc|x86.ActiveCfg = Ad-Hoc|iPhone
		{E0FB9E9A-B8C0-4F93-BDB9-AF7E6EE4E856}.AppStore|Any CPU.ActiveCfg = AppStore|iPhone
		{E0FB9E9A-B8C0-4F93-BDB9-AF7E6EE4E856}.AppStore|ARM.ActiveCfg = AppStore|iPhone
		{E0FB9E9A-B8C0-4F93-BDB9-AF7E6EE4E856}.AppStore|iPhone.ActiveCfg = AppStore|iPhone
		{E0FB9E9A-B8C0-4F93-BDB9-AF7E6EE4E856}.AppStore|iPhone.Build.0 = AppStore|iPhone
		{E0FB9E9A-B8C0-4F93-BDB9-AF7E6EE4E856}.AppStore|iPhoneSimulator.ActiveCfg = AppStore|iPhoneSimulator
		{E0FB9E9A-B8C0-4F93-BDB9-AF7E6EE4E856}.AppStore|iPhoneSimulator.Build.0 = AppStore|iPhoneSimulator
		{E0FB9E9A-B8C0-4F93-BDB9-AF7E6EE4E856}.AppStore|Mixed Platforms.ActiveCfg = AppStore|iPhone
		{E0FB9E9A-B8C0-4F93-BDB9-AF7E6EE4E856}.AppStore|Mixed Platforms.Build.0 = AppStore|iPhone
		{E0FB9E9A-B8C0-4F93-BDB9-AF7E6EE4E856}.AppStore|x86.ActiveCfg = AppStore|iPhone
		{E0FB9E9A-B8C0-4F93-BDB9-AF7E6EE4E856}.Debug|Any CPU.ActiveCfg = Debug|iPhone
		{E0FB9E9A-B8C0-4F93-BDB9-AF7E6EE4E856}.Debug|ARM.ActiveCfg = Debug|iPhone
		{E0FB9E9A-B8C0-4F93-BDB9-AF7E6EE4E856}.Debug|iPhone.ActiveCfg = Debug|iPhone
		{E0FB9E9A-B8C0-4F93-BDB9-AF7E6EE4E856}.Debug|iPhone.Build.0 = Debug|iPhone
		{E0FB9E9A-B8C0-4F93-BDB9-AF7E6EE4E856}.Debug|iPhoneSimulator.ActiveCfg = Debug|iPhoneSimulator
		{E0FB9E9A-B8C0-4F93-BDB9-AF7E6EE4E856}.Debug|iPhoneSimulator.Build.0 = Debug|iPhoneSimulator
		{E0FB9E9A-B8C0-4F93-BDB9-AF7E6EE4E856}.Debug|Mixed Platforms.ActiveCfg = Debug|iPhone
		{E0FB9E9A-B8C0-4F93-BDB9-AF7E6EE4E856}.Debug|Mixed Platforms.Build.0 = Debug|iPhone
		{E0FB9E9A-B8C0-4F93-BDB9-AF7E6EE4E856}.Debug|x86.ActiveCfg = Debug|iPhone
		{E0FB9E9A-B8C0-4F93-BDB9-AF7E6EE4E856}.Release|Any CPU.ActiveCfg = Release|iPhone
		{E0FB9E9A-B8C0-4F93-BDB9-AF7E6EE4E856}.Release|ARM.ActiveCfg = Release|iPhone
		{E0FB9E9A-B8C0-4F93-BDB9-AF7E6EE4E856}.Release|iPhone.ActiveCfg = Release|iPhone
		{E0FB9E9A-B8C0-4F93-BDB9-AF7E6EE4E856}.Release|iPhone.Build.0 = Release|iPhone
		{E0FB9E9A-B8C0-4F93-BDB9-AF7E6EE4E856}.Release|iPhoneSimulator.ActiveCfg = Release|iPhoneSimulator
		{E0FB9E9A-B8C0-4F93-BDB9-AF7E6EE4E856}.Release|iPhoneSimulator.Build.0 = Release|iPhoneSimulator
		{E0FB9E9A-B8C0-4F93-BDB9-AF7E6EE4E856}.Release|Mixed Platforms.ActiveCfg = Release|iPhone
		{E0FB9E9A-B8C0-4F93-BDB9-AF7E6EE4E856}.Release|Mixed Platforms.Build.0 = Release|iPhone
		{E0FB9E9A-B8C0-4F93-BDB9-AF7E6EE4E856}.Release|x86.ActiveCfg = Release|iPhone
		{1BAE2BF5-33B9-40CF-B5B5-820BB090C910}.Ad-Hoc|Any CPU.ActiveCfg = Release|Any CPU
		{1BAE2BF5-33B9-40CF-B5B5-820BB090C910}.Ad-Hoc|Any CPU.Build.0 = Release|Any CPU
		{1BAE2BF5-33B9-40CF-B5B5-820BB090C910}.Ad-Hoc|Any CPU.Deploy.0 = Release|Any CPU
		{1BAE2BF5-33B9-40CF-B5B5-820BB090C910}.Ad-Hoc|ARM.ActiveCfg = Release|Any CPU
		{1BAE2BF5-33B9-40CF-B5B5-820BB090C910}.Ad-Hoc|iPhone.ActiveCfg = Release|Any CPU
		{1BAE2BF5-33B9-40CF-B5B5-820BB090C910}.Ad-Hoc|iPhoneSimulator.ActiveCfg = Release|Any CPU
		{1BAE2BF5-33B9-40CF-B5B5-820BB090C910}.Ad-Hoc|Mixed Platforms.ActiveCfg = Release|Any CPU
		{1BAE2BF5-33B9-40CF-B5B5-820BB090C910}.Ad-Hoc|Mixed Platforms.Build.0 = Release|Any CPU
		{1BAE2BF5-33B9-40CF-B5B5-820BB090C910}.Ad-Hoc|Mixed Platforms.Deploy.0 = Release|Any CPU
		{1BAE2BF5-33B9-40CF-B5B5-820BB090C910}.Ad-Hoc|x86.ActiveCfg = Release|Any CPU
		{1BAE2BF5-33B9-40CF-B5B5-820BB090C910}.AppStore|Any CPU.ActiveCfg = Release|Any CPU
		{1BAE2BF5-33B9-40CF-B5B5-820BB090C910}.AppStore|Any CPU.Build.0 = Release|Any CPU
		{1BAE2BF5-33B9-40CF-B5B5-820BB090C910}.AppStore|Any CPU.Deploy.0 = Release|Any CPU
		{1BAE2BF5-33B9-40CF-B5B5-820BB090C910}.AppStore|ARM.ActiveCfg = Release|Any CPU
		{1BAE2BF5-33B9-40CF-B5B5-820BB090C910}.AppStore|iPhone.ActiveCfg = Release|Any CPU
		{1BAE2BF5-33B9-40CF-B5B5-820BB090C910}.AppStore|iPhoneSimulator.ActiveCfg = Release|Any CPU
		{1BAE2BF5-33B9-40CF-B5B5-820BB090C910}.AppStore|Mixed Platforms.ActiveCfg = Release|Any CPU
		{1BAE2BF5-33B9-40CF-B5B5-820BB090C910}.AppStore|Mixed Platforms.Build.0 = Release|Any CPU
		{1BAE2BF5-33B9-40CF-B5B5-820BB090C910}.AppStore|Mixed Platforms.Deploy.0 = Release|Any CPU
		{1BAE2BF5-33B9-40CF-B5B5-820BB090C910}.AppStore|x86.ActiveCfg = Release|Any CPU
		{1BAE2BF5-33B9-40CF-B5B5-820BB090C910}.Debug|Any CPU.ActiveCfg = Debug|Any CPU
		{1BAE2BF5-33B9-40CF-B5B5-820BB090C910}.Debug|Any CPU.Build.0 = Debug|Any CPU
		{1BAE2BF5-33B9-40CF-B5B5-820BB090C910}.Debug|Any CPU.Deploy.0 = Debug|Any CPU
		{1BAE2BF5-33B9-40CF-B5B5-820BB090C910}.Debug|ARM.ActiveCfg = Debug|Any CPU
		{1BAE2BF5-33B9-40CF-B5B5-820BB090C910}.Debug|iPhone.ActiveCfg = Debug|Any CPU
		{1BAE2BF5-33B9-40CF-B5B5-820BB090C910}.Debug|iPhoneSimulator.ActiveCfg = Debug|Any CPU
		{1BAE2BF5-33B9-40CF-B5B5-820BB090C910}.Debug|Mixed Platforms.ActiveCfg = Debug|Any CPU
		{1BAE2BF5-33B9-40CF-B5B5-820BB090C910}.Debug|Mixed Platforms.Build.0 = Debug|Any CPU
		{1BAE2BF5-33B9-40CF-B5B5-820BB090C910}.Debug|Mixed Platforms.Deploy.0 = Debug|Any CPU
		{1BAE2BF5-33B9-40CF-B5B5-820BB090C910}.Debug|x86.ActiveCfg = Debug|Any CPU
		{1BAE2BF5-33B9-40CF-B5B5-820BB090C910}.Release|Any CPU.ActiveCfg = Release|Any CPU
		{1BAE2BF5-33B9-40CF-B5B5-820BB090C910}.Release|Any CPU.Build.0 = Release|Any CPU
		{1BAE2BF5-33B9-40CF-B5B5-820BB090C910}.Release|Any CPU.Deploy.0 = Release|Any CPU
		{1BAE2BF5-33B9-40CF-B5B5-820BB090C910}.Release|ARM.ActiveCfg = Release|Any CPU
		{1BAE2BF5-33B9-40CF-B5B5-820BB090C910}.Release|iPhone.ActiveCfg = Release|Any CPU
		{1BAE2BF5-33B9-40CF-B5B5-820BB090C910}.Release|iPhoneSimulator.ActiveCfg = Release|Any CPU
		{1BAE2BF5-33B9-40CF-B5B5-820BB090C910}.Release|Mixed Platforms.ActiveCfg = Release|Any CPU
		{1BAE2BF5-33B9-40CF-B5B5-820BB090C910}.Release|Mixed Platforms.Build.0 = Release|Any CPU
		{1BAE2BF5-33B9-40CF-B5B5-820BB090C910}.Release|Mixed Platforms.Deploy.0 = Release|Any CPU
		{1BAE2BF5-33B9-40CF-B5B5-820BB090C910}.Release|x86.ActiveCfg = Release|Any CPU
		{D74D7EA8-827B-40A7-AB00-CB3FAA8E7034}.Ad-Hoc|Any CPU.ActiveCfg = Release|Any CPU
		{D74D7EA8-827B-40A7-AB00-CB3FAA8E7034}.Ad-Hoc|Any CPU.Build.0 = Release|Any CPU
		{D74D7EA8-827B-40A7-AB00-CB3FAA8E7034}.Ad-Hoc|Any CPU.Deploy.0 = Release|Any CPU
		{D74D7EA8-827B-40A7-AB00-CB3FAA8E7034}.Ad-Hoc|ARM.ActiveCfg = Release|ARM
		{D74D7EA8-827B-40A7-AB00-CB3FAA8E7034}.Ad-Hoc|ARM.Build.0 = Release|ARM
		{D74D7EA8-827B-40A7-AB00-CB3FAA8E7034}.Ad-Hoc|ARM.Deploy.0 = Release|ARM
		{D74D7EA8-827B-40A7-AB00-CB3FAA8E7034}.Ad-Hoc|iPhone.ActiveCfg = Release|Any CPU
		{D74D7EA8-827B-40A7-AB00-CB3FAA8E7034}.Ad-Hoc|iPhoneSimulator.ActiveCfg = Release|Any CPU
		{D74D7EA8-827B-40A7-AB00-CB3FAA8E7034}.Ad-Hoc|Mixed Platforms.ActiveCfg = Release|x86
		{D74D7EA8-827B-40A7-AB00-CB3FAA8E7034}.Ad-Hoc|Mixed Platforms.Build.0 = Release|x86
		{D74D7EA8-827B-40A7-AB00-CB3FAA8E7034}.Ad-Hoc|Mixed Platforms.Deploy.0 = Release|x86
		{D74D7EA8-827B-40A7-AB00-CB3FAA8E7034}.Ad-Hoc|x86.ActiveCfg = Release|x86
		{D74D7EA8-827B-40A7-AB00-CB3FAA8E7034}.Ad-Hoc|x86.Build.0 = Release|x86
		{D74D7EA8-827B-40A7-AB00-CB3FAA8E7034}.Ad-Hoc|x86.Deploy.0 = Release|x86
		{D74D7EA8-827B-40A7-AB00-CB3FAA8E7034}.AppStore|Any CPU.ActiveCfg = Release|Any CPU
		{D74D7EA8-827B-40A7-AB00-CB3FAA8E7034}.AppStore|Any CPU.Build.0 = Release|Any CPU
		{D74D7EA8-827B-40A7-AB00-CB3FAA8E7034}.AppStore|Any CPU.Deploy.0 = Release|Any CPU
		{D74D7EA8-827B-40A7-AB00-CB3FAA8E7034}.AppStore|ARM.ActiveCfg = Release|ARM
		{D74D7EA8-827B-40A7-AB00-CB3FAA8E7034}.AppStore|ARM.Build.0 = Release|ARM
		{D74D7EA8-827B-40A7-AB00-CB3FAA8E7034}.AppStore|ARM.Deploy.0 = Release|ARM
		{D74D7EA8-827B-40A7-AB00-CB3FAA8E7034}.AppStore|iPhone.ActiveCfg = Release|Any CPU
		{D74D7EA8-827B-40A7-AB00-CB3FAA8E7034}.AppStore|iPhoneSimulator.ActiveCfg = Release|Any CPU
		{D74D7EA8-827B-40A7-AB00-CB3FAA8E7034}.AppStore|Mixed Platforms.ActiveCfg = Release|x86
		{D74D7EA8-827B-40A7-AB00-CB3FAA8E7034}.AppStore|Mixed Platforms.Build.0 = Release|x86
		{D74D7EA8-827B-40A7-AB00-CB3FAA8E7034}.AppStore|Mixed Platforms.Deploy.0 = Release|x86
		{D74D7EA8-827B-40A7-AB00-CB3FAA8E7034}.AppStore|x86.ActiveCfg = Release|x86
		{D74D7EA8-827B-40A7-AB00-CB3FAA8E7034}.AppStore|x86.Build.0 = Release|x86
		{D74D7EA8-827B-40A7-AB00-CB3FAA8E7034}.AppStore|x86.Deploy.0 = Release|x86
		{D74D7EA8-827B-40A7-AB00-CB3FAA8E7034}.Debug|Any CPU.ActiveCfg = Debug|Any CPU
		{D74D7EA8-827B-40A7-AB00-CB3FAA8E7034}.Debug|Any CPU.Build.0 = Debug|Any CPU
		{D74D7EA8-827B-40A7-AB00-CB3FAA8E7034}.Debug|Any CPU.Deploy.0 = Debug|Any CPU
		{D74D7EA8-827B-40A7-AB00-CB3FAA8E7034}.Debug|ARM.ActiveCfg = Debug|ARM
		{D74D7EA8-827B-40A7-AB00-CB3FAA8E7034}.Debug|ARM.Build.0 = Debug|ARM
		{D74D7EA8-827B-40A7-AB00-CB3FAA8E7034}.Debug|ARM.Deploy.0 = Debug|ARM
		{D74D7EA8-827B-40A7-AB00-CB3FAA8E7034}.Debug|iPhone.ActiveCfg = Debug|Any CPU
		{D74D7EA8-827B-40A7-AB00-CB3FAA8E7034}.Debug|iPhoneSimulator.ActiveCfg = Debug|ARM
		{D74D7EA8-827B-40A7-AB00-CB3FAA8E7034}.Debug|iPhoneSimulator.Build.0 = Debug|ARM
		{D74D7EA8-827B-40A7-AB00-CB3FAA8E7034}.Debug|iPhoneSimulator.Deploy.0 = Debug|ARM
		{D74D7EA8-827B-40A7-AB00-CB3FAA8E7034}.Debug|Mixed Platforms.ActiveCfg = Debug|x86
		{D74D7EA8-827B-40A7-AB00-CB3FAA8E7034}.Debug|Mixed Platforms.Build.0 = Debug|x86
		{D74D7EA8-827B-40A7-AB00-CB3FAA8E7034}.Debug|Mixed Platforms.Deploy.0 = Debug|x86
		{D74D7EA8-827B-40A7-AB00-CB3FAA8E7034}.Debug|x86.ActiveCfg = Debug|x86
		{D74D7EA8-827B-40A7-AB00-CB3FAA8E7034}.Debug|x86.Build.0 = Debug|x86
		{D74D7EA8-827B-40A7-AB00-CB3FAA8E7034}.Debug|x86.Deploy.0 = Debug|x86
		{D74D7EA8-827B-40A7-AB00-CB3FAA8E7034}.Release|Any CPU.ActiveCfg = Release|Any CPU
		{D74D7EA8-827B-40A7-AB00-CB3FAA8E7034}.Release|Any CPU.Build.0 = Release|Any CPU
		{D74D7EA8-827B-40A7-AB00-CB3FAA8E7034}.Release|Any CPU.Deploy.0 = Release|Any CPU
		{D74D7EA8-827B-40A7-AB00-CB3FAA8E7034}.Release|ARM.ActiveCfg = Release|ARM
		{D74D7EA8-827B-40A7-AB00-CB3FAA8E7034}.Release|ARM.Build.0 = Release|ARM
		{D74D7EA8-827B-40A7-AB00-CB3FAA8E7034}.Release|ARM.Deploy.0 = Release|ARM
		{D74D7EA8-827B-40A7-AB00-CB3FAA8E7034}.Release|iPhone.ActiveCfg = Release|Any CPU
		{D74D7EA8-827B-40A7-AB00-CB3FAA8E7034}.Release|iPhoneSimulator.ActiveCfg = Release|Any CPU
		{D74D7EA8-827B-40A7-AB00-CB3FAA8E7034}.Release|Mixed Platforms.ActiveCfg = Release|x86
		{D74D7EA8-827B-40A7-AB00-CB3FAA8E7034}.Release|Mixed Platforms.Build.0 = Release|x86
		{D74D7EA8-827B-40A7-AB00-CB3FAA8E7034}.Release|Mixed Platforms.Deploy.0 = Release|x86
		{D74D7EA8-827B-40A7-AB00-CB3FAA8E7034}.Release|x86.ActiveCfg = Release|x86
		{D74D7EA8-827B-40A7-AB00-CB3FAA8E7034}.Release|x86.Build.0 = Release|x86
		{D74D7EA8-827B-40A7-AB00-CB3FAA8E7034}.Release|x86.Deploy.0 = Release|x86
		{4DC6C788-05B1-4017-8366-135A2623E0E1}.Ad-Hoc|Any CPU.ActiveCfg = Release|Any CPU
		{4DC6C788-05B1-4017-8366-135A2623E0E1}.Ad-Hoc|Any CPU.Build.0 = Release|Any CPU
		{4DC6C788-05B1-4017-8366-135A2623E0E1}.Ad-Hoc|ARM.ActiveCfg = Release|Any CPU
		{4DC6C788-05B1-4017-8366-135A2623E0E1}.Ad-Hoc|iPhone.ActiveCfg = Release|Any CPU
		{4DC6C788-05B1-4017-8366-135A2623E0E1}.Ad-Hoc|iPhoneSimulator.ActiveCfg = Release|Any CPU
		{4DC6C788-05B1-4017-8366-135A2623E0E1}.Ad-Hoc|Mixed Platforms.ActiveCfg = Release|Any CPU
		{4DC6C788-05B1-4017-8366-135A2623E0E1}.Ad-Hoc|Mixed Platforms.Build.0 = Release|Any CPU
		{4DC6C788-05B1-4017-8366-135A2623E0E1}.Ad-Hoc|x86.ActiveCfg = Release|Any CPU
		{4DC6C788-05B1-4017-8366-135A2623E0E1}.AppStore|Any CPU.ActiveCfg = Release|Any CPU
		{4DC6C788-05B1-4017-8366-135A2623E0E1}.AppStore|Any CPU.Build.0 = Release|Any CPU
		{4DC6C788-05B1-4017-8366-135A2623E0E1}.AppStore|ARM.ActiveCfg = Release|Any CPU
		{4DC6C788-05B1-4017-8366-135A2623E0E1}.AppStore|iPhone.ActiveCfg = Release|Any CPU
		{4DC6C788-05B1-4017-8366-135A2623E0E1}.AppStore|iPhoneSimulator.ActiveCfg = Release|Any CPU
		{4DC6C788-05B1-4017-8366-135A2623E0E1}.AppStore|Mixed Platforms.ActiveCfg = Release|Any CPU
		{4DC6C788-05B1-4017-8366-135A2623E0E1}.AppStore|Mixed Platforms.Build.0 = Release|Any CPU
		{4DC6C788-05B1-4017-8366-135A2623E0E1}.AppStore|x86.ActiveCfg = Release|Any CPU
		{4DC6C788-05B1-4017-8366-135A2623E0E1}.Debug|Any CPU.ActiveCfg = Debug|Any CPU
		{4DC6C788-05B1-4017-8366-135A2623E0E1}.Debug|Any CPU.Build.0 = Debug|Any CPU
		{4DC6C788-05B1-4017-8366-135A2623E0E1}.Debug|ARM.ActiveCfg = Debug|Any CPU
		{4DC6C788-05B1-4017-8366-135A2623E0E1}.Debug|ARM.Build.0 = Debug|Any CPU
		{4DC6C788-05B1-4017-8366-135A2623E0E1}.Debug|iPhone.ActiveCfg = Debug|Any CPU
		{4DC6C788-05B1-4017-8366-135A2623E0E1}.Debug|iPhone.Build.0 = Debug|Any CPU
		{4DC6C788-05B1-4017-8366-135A2623E0E1}.Debug|iPhoneSimulator.ActiveCfg = Debug|Any CPU
		{4DC6C788-05B1-4017-8366-135A2623E0E1}.Debug|iPhoneSimulator.Build.0 = Debug|Any CPU
		{4DC6C788-05B1-4017-8366-135A2623E0E1}.Debug|Mixed Platforms.ActiveCfg = Debug|Any CPU
		{4DC6C788-05B1-4017-8366-135A2623E0E1}.Debug|Mixed Platforms.Build.0 = Debug|Any CPU
		{4DC6C788-05B1-4017-8366-135A2623E0E1}.Debug|x86.ActiveCfg = Debug|Any CPU
		{4DC6C788-05B1-4017-8366-135A2623E0E1}.Release|Any CPU.ActiveCfg = Release|Any CPU
		{4DC6C788-05B1-4017-8366-135A2623E0E1}.Release|Any CPU.Build.0 = Release|Any CPU
		{4DC6C788-05B1-4017-8366-135A2623E0E1}.Release|ARM.ActiveCfg = Release|Any CPU
		{4DC6C788-05B1-4017-8366-135A2623E0E1}.Release|iPhone.ActiveCfg = Release|Any CPU
		{4DC6C788-05B1-4017-8366-135A2623E0E1}.Release|iPhoneSimulator.ActiveCfg = Release|Any CPU
		{4DC6C788-05B1-4017-8366-135A2623E0E1}.Release|Mixed Platforms.ActiveCfg = Release|Any CPU
		{4DC6C788-05B1-4017-8366-135A2623E0E1}.Release|Mixed Platforms.Build.0 = Release|Any CPU
		{4DC6C788-05B1-4017-8366-135A2623E0E1}.Release|x86.ActiveCfg = Release|Any CPU
	EndGlobalSection
	GlobalSection(SolutionProperties) = preSolution
		HideSolutionNode = FALSE
	EndGlobalSection
	GlobalSection(NestedProjects) = preSolution
		{F323F57B-BED1-4F0C-BE72-86403EDA6C54} = {2F967F3F-42B0-491C-8D4E-557B2195194F}
		{E0FB9E9A-B8C0-4F93-BDB9-AF7E6EE4E856} = {2F967F3F-42B0-491C-8D4E-557B2195194F}
		{1BAE2BF5-33B9-40CF-B5B5-820BB090C910} = {2F967F3F-42B0-491C-8D4E-557B2195194F}
		{D74D7EA8-827B-40A7-AB00-CB3FAA8E7034} = {2F967F3F-42B0-491C-8D4E-557B2195194F}
		{4DC6C788-05B1-4017-8366-135A2623E0E1} = {FC915300-3D70-4FC6-B4FD-D59ACD2821A0}
	EndGlobalSection
EndGlobal
